
Microsoft Visual Studio Solution File, Format Version 12.00
# Visual Studio 15
VisualStudioVersion = 15.0.28010.2048
MinimumVisualStudioVersion = 10.0.40219.1
Project("{FAE04EC0-301F-11D3-BF4B-00C04F79EFBC}") = "Wages", "Wages\Wages.csproj", "{F5026177-F4B2-4026-A93C-29967BDC5575}"
EndProject
Global
	GlobalSection(SolutionConfigurationPlatforms) = preSolution
		Debug|Any CPU = Debug|Any CPU
		Release|Any CPU = Release|Any CPU
	EndGlobalSection
	GlobalSection(ProjectConfigurationPlatforms) = postSolution
		{F5026177-F4B2-4026-A93C-29967BDC5575}.Debug|Any CPU.ActiveCfg = Debug|Any CPU
		{F5026177-F4B2-4026-A93C-29967BDC5575}.Debug|Any CPU.Build.0 = Debug|Any CPU
		{F5026177-F4B2-4026-A93C-29967BDC5575}.Release|Any CPU.ActiveCfg = Release|Any CPU
		{F5026177-F4B2-4026-A93C-29967BDC5575}.Release|Any CPU.Build.0 = Release|Any CPU
	EndGlobalSection
	GlobalSection(SolutionProperties) = preSolution
		HideSolutionNode = FALSE
	EndGlobalSection
	GlobalSection(ExtensibilityGlobals) = postSolution
		SolutionGuid = {08B0E8A1-A06B-4CC0-BD29-B59F6F748AED}
	EndGlobalSection
EndGlobal
